<?xml version="1.0" encoding="utf-8"?>
<Project ToolsVersion="4.0" xmlns="http://schemas.microsoft.com/developer/msbuild/2003">
  <ItemGroup>
    <Filter Include="Resource Files">
      <UniqueIdentifier>{1a913106-0be0-4476-b0ce-2aa855072614}</UniqueIdentifier>
      <Extensions>ico;cur;bmp;dlg;rc2;rct;bin;cnt;rtf;gif;jpg;jpeg;jpe</Extensions>
    </Filter>
    <Filter Include="MFC">
      <UniqueIdentifier>{da904ee8-7f59-4a6c-b3ff-b91b6fb6d0ea}</UniqueIdentifier>
    </Filter>
    <Filter Include="GameLibrary">
      <UniqueIdentifier>{df7aa532-3fdf-46a0-b3fc-8f5922e8d9e4}</UniqueIdentifier>
    </Filter>
    <Filter Include="MyGame">
      <UniqueIdentifier>{0c798913-b7d2-4e26-8241-0f83266cd626}</UniqueIdentifier>
    </Filter>
  </ItemGroup>
  <ItemGroup>
    <None Include="Res\ball.bmp">
      <Filter>Resource Files</Filter>
    </None>
    <None Include="RES\bmp0.bmp">
      <Filter>Resource Files</Filter>
    </None>
    <None Include="RES\bmp1.bmp">
      <Filter>Resource Files</Filter>
    </None>
    <None Include="RES\bmp10.bmp">
      <Filter>Resource Files</Filter>
    </None>
    <None Include="RES\bmp2.bmp">
      <Filter>Resource Files</Filter>
    </None>
    <None Include="RES\bmp3.bmp">
      <Filter>Resource Files</Filter>
    </None>
    <None Include="RES\bmp4.bmp">
      <Filter>Resource Files</Filter>
    </None>
    <None Include="RES\bmp5.bmp">
      <Filter>Resource Files</Filter>
    </None>
    <None Include="RES\bmp6.bmp">
      <Filter>Resource Files</Filter>
    </None>
    <None Include="RES\bmp7.bmp">
      <Filter>Resource Files</Filter>
    </None>
    <None Include="RES\bmp8.bmp">
      <Filter>Resource Files</Filter>
    </None>
    <None Include="RES\bmp9.bmp">
      <Filter>Resource Files</Filter>
    </None>
    <None Include="RES\center.bmp">
      <Filter>Resource Files</Filter>
    </None>
    <None Include="RES\continue.bmp">
      <Filter>Resource Files</Filter>
    </None>
    <None Include="Res\corner.bmp">
      <Filter>Resource Files</Filter>
    </None>
    <None Include="RES\eraser1.bmp">
      <Filter>Resource Files</Filter>
    </None>
    <None Include="RES\eraser2.bmp">
      <Filter>Resource Files</Filter>
    </None>
    <None Include="RES\eraser3.bmp">
      <Filter>Resource Files</Filter>
    </None>
    <None Include="res\game.ico">
      <Filter>Resource Files</Filter>
    </None>
    <None Include="res\game.rc2">
      <Filter>Resource Files</Filter>
    </None>
    <None Include="RES\gamecurs.cur">
      <Filter>Resource Files</Filter>
    </None>
    <None Include="res\gameDoc.ico">
      <Filter>Resource Files</Filter>
    </None>
    <None Include="RES\help.bmp">
      <Filter>Resource Files</Filter>
    </None>
    <None Include="RES\loading.bmp">
      <Filter>Resource Files</Filter>
    </None>
    <None Include="RES\ntutcsie.bmp">
      <Filter>Resource Files</Filter>
    </None>
    <None Include="res\Toolbar.bmp">
      <Filter>Resource Files</Filter>
    </None>
  </ItemGroup>
  <ItemGroup>
    <ClCompile Include="Source\audio.cpp">
      <Filter>GameLibrary</Filter>
    </ClCompile>
    <ClCompile Include="Source\game.cpp">
      <Filter>MFC</Filter>
    </ClCompile>
    <ClCompile Include="Source\gameDoc.cpp">
      <Filter>MFC</Filter>
    </ClCompile>
    <ClCompile Include="Source\gamelib.cpp">
      <Filter>GameLibrary</Filter>
    </ClCompile>
    <ClCompile Include="Source\gameView.cpp">
      <Filter>MFC</Filter>
    </ClCompile>
    <ClCompile Include="Source\MainFrm.cpp">
      <Filter>MFC</Filter>
    </ClCompile>
    <ClCompile Include="Source\StdAfx.cpp">
      <Filter>MFC</Filter>
    </ClCompile>
    <ClCompile Include="Source\mygame.cpp">
      <Filter>MyGame</Filter>
    </ClCompile>
    <ClCompile Include="Source\CHero.cpp">
      <Filter>MyGame</Filter>
    </ClCompile>
    <ClCompile Include="Source\Block.cpp">
      <Filter>MyGame</Filter>
    </ClCompile>
    <ClCompile Include="Source\Enemy.cpp">
      <Filter>MyGame</Filter>
    </ClCompile>
    <ClCompile Include="Source\thunder.cpp">
      <Filter>MyGame</Filter>
    </ClCompile>
    <ClCompile Include="Source\item.cpp">
      <Filter>MyGame</Filter>
    </ClCompile>
  </ItemGroup>
  <ItemGroup>
    <ClInclude Include="Source\audio.h">
      <Filter>GameLibrary</Filter>
    </ClInclude>
    <ClInclude Include="Source\game.h">
      <Filter>MFC</Filter>
    </ClInclude>
    <ClInclude Include="Source\gameDoc.h">
      <Filter>MFC</Filter>
    </ClInclude>
    <ClInclude Include="Source\gamelib.h">
      <Filter>GameLibrary</Filter>
    </ClInclude>
    <ClInclude Include="Source\gameView.h">
      <Filter>MFC</Filter>
    </ClInclude>
    <ClInclude Include="Source\MainFrm.h">
      <Filter>MFC</Filter>
    </ClInclude>
    <ClInclude Include="Source\Resource.h">
      <Filter>MFC</Filter>
    </ClInclude>
    <ClInclude Include="Source\StdAfx.h">
      <Filter>MFC</Filter>
    </ClInclude>
    <ClInclude Include="Source\mygame.h">
      <Filter>MyGame</Filter>
    </ClInclude>
    <ClInclude Include="Source\CHero.h">
      <Filter>MyGame</Filter>
    </ClInclude>
    <ClInclude Include="Source\Block.h">
      <Filter>MyGame</Filter>
    </ClInclude>
    <ClInclude Include="Source\map.h">
      <Filter>MyGame</Filter>
    </ClInclude>
    <ClInclude Include="Source\Enemy.h">
      <Filter>MyGame</Filter>
    </ClInclude>
    <ClInclude Include="Source\thunder.h">
      <Filter>MyGame</Filter>
    </ClInclude>
    <ClInclude Include="Source\item.h">
      <Filter>MyGame</Filter>
    </ClInclude>
  </ItemGroup>
  <ItemGroup>
    <ResourceCompile Include="Source\game.rc">
      <Filter>MFC</Filter>
    </ResourceCompile>
  </ItemGroup>
  <ItemGroup>
    <Image Include="RES\title.png" />
    <Image Include="RES\title.bmp">
      <Filter>Resource Files</Filter>
    </Image>
    <Image Include="data\ch\gcm_01.bmp">
      <Filter>Resource Files</Filter>
    </Image>
    <Image Include="data\ch\gwr_01.bmp">
      <Filter>Resource Files</Filter>
    </Image>
    <Image Include="res\bitmap4.bmp">
      <Filter>Resource Files</Filter>
    </Image>
    <Image Include="res\bitmap5.bmp">
      <Filter>Resource Files</Filter>
    </Image>
    <Image Include="data\map\gm_00.bmp">
      <Filter>Resource Files</Filter>
    </Image>
    <Image Include="res\bmp00001.bmp">
      <Filter>Resource Files</Filter>
    </Image>
    <Image Include="data\map\gm_01.bmp">
      <Filter>Resource Files</Filter>
    </Image>
    <Image Include="data\map\gm__03.bmp">
      <Filter>Resource Files</Filter>
    </Image>
    <Image Include="data\map\gm_02.bmp">
      <Filter>Resource Files</Filter>
    </Image>
    <Image Include="data\ch\gwr_02.bmp">
      <Filter>Resource Files</Filter>
    </Image>
    <Image Include="data\ch\gwr_03.bmp">
      <Filter>Resource Files</Filter>
    </Image>
    <Image Include="data\map\gm_03.bmp">
      <Filter>Resource Files</Filter>
    </Image>
    <Image Include="data\ch\gwr_00.bmp">
      <Filter>Resource Files</Filter>
    </Image>
    <Image Include="data\ch\mwwl.bmp">
      <Filter>Resource Files</Filter>
    </Image>
    <Image Include="data\ch\mwwr.bmp">
      <Filter>Resource Files</Filter>
    </Image>
    <Image Include="data\ch\wwal.bmp">
      <Filter>Resource Files</Filter>
    </Image>
    <Image Include="data\ch\wwar.bmp">
      <Filter>Resource Files</Filter>
    </Image>
    <Image Include="data\ch\wwd.bmp">
      <Filter>Resource Files</Filter>
    </Image>
    <Image Include="data\ch\wwhl.bmp">
      <Filter>Resource Files</Filter>
    </Image>
    <Image Include="data\ch\wwhr.bmp">
      <Filter>Resource Files</Filter>
    </Image>
    <Image Include="data\ch\wwjl.bmp">
      <Filter>Resource Files</Filter>
    </Image>
    <Image Include="data\ch\wwjr.bmp">
      <Filter>Resource Files</Filter>
    </Image>
    <Image Include="data\ch\wwl1.bmp">
      <Filter>Resource Files</Filter>
    </Image>
    <Image Include="data\ch\wwl2.bmp">
      <Filter>Resource Files</Filter>
    </Image>
    <Image Include="data\ch\wwl3.bmp">
      <Filter>Resource Files</Filter>
    </Image>
    <Image Include="data\ch\wwrl.bmp">
      <Filter>Resource Files</Filter>
    </Image>
    <Image Include="data\ch\wwrr.bmp">
      <Filter>Resource Files</Filter>
    </Image>
    <Image Include="data\ch\wwsl(lhf).bmp">
      <Filter>Resource Files</Filter>
    </Image>
    <Image Include="data\ch\wwsl(rhf).bmp">
      <Filter>Resource Files</Filter>
    </Image>
    <Image Include="data\ch\wwt1l.bmp">
      <Filter>Resource Files</Filter>
    </Image>
    <Image Include="data\ch\wwt2l.bmp">
      <Filter>Resource Files</Filter>
    </Image>
    <Image Include="data\ch\wwt3l.bmp">
      <Filter>Resource Files</Filter>
    </Image>
    <Image Include="data\ch\wwsr(lhf).bmp">
      <Filter>Resource Files</Filter>
    </Image>
    <Image Include="data\ch\wwsr(rhf).bmp">
      <Filter>Resource Files</Filter>
    </Image>
    <Image Include="data\map\mapdata\000.bmp">
      <Filter>Resource Files</Filter>
    </Image>
    <Image Include="data\map\mapdata\001.bmp">
      <Filter>Resource Files</Filter>
    </Image>
    <Image Include="data\map\mapdata\002.bmp">
      <Filter>Resource Files</Filter>
    </Image>
    <Image Include="data\map\mapdata\003.bmp">
      <Filter>Resource Files</Filter>
    </Image>
    <Image Include="data\map\mapdata\004.bmp">
      <Filter>Resource Files</Filter>
    </Image>
    <Image Include="data\map\mapdata\005.bmp">
      <Filter>Resource Files</Filter>
    </Image>
    <Image Include="data\map\mapdata\100.bmp">
      <Filter>Resource Files</Filter>
    </Image>
    <Image Include="data\map\mapdata\101.bmp">
      <Filter>Resource Files</Filter>
    </Image>
    <Image Include="data\map\mapdata\200.bmp">
      <Filter>Resource Files</Filter>
    </Image>
    <Image Include="data\map\mapdata\201.bmp">
      <Filter>Resource Files</Filter>
    </Image>
    <Image Include="data\map\mapdata\300.bmp">
      <Filter>Resource Files</Filter>
    </Image>
    <Image Include="data\map\mapdata\400.bmp">
      <Filter>Resource Files</Filter>
    </Image>
    <Image Include="data\map\mapdata\500.bmp">
      <Filter>Resource Files</Filter>
    </Image>
    <Image Include="data\map\mapdata\501.bmp">
      <Filter>Resource Files</Filter>
    </Image>
    <Image Include="data\map\mapdata\502.bmp">
      <Filter>Resource Files</Filter>
    </Image>
    <Image Include="data\map\mapdata\503.bmp">
      <Filter>Resource Files</Filter>
    </Image>
    <Image Include="data\map\mapdata\504.bmp">
      <Filter>Resource Files</Filter>
    </Image>
    <Image Include="data\map\mapdata\505.bmp">
      <Filter>Resource Files</Filter>
    </Image>
    <Image Include="data\map\mapdata\600.bmp">
      <Filter>Resource Files</Filter>
    </Image>
    <Image Include="data\map\mapdata\601.bmp">
      <Filter>Resource Files</Filter>
    </Image>
    <Image Include="data\map\mapdata\700.bmp">
      <Filter>Resource Files</Filter>
    </Image>
    <Image Include="data\map\mapdata\800.bmp">
      <Filter>Resource Files</Filter>
    </Image>
    <Image Include="data\map\mapdata\900.bmp">
      <Filter>Resource Files</Filter>
    </Image>
    <Image Include="data\map\mapdata\901.bmp">
      <Filter>Resource Files</Filter>
    </Image>
    <Image Include="data\map\mapdata\1000.bmp">
      <Filter>Resource Files</Filter>
    </Image>
    <Image Include="data\map\mapdata\1100.bmp">
      <Filter>Resource Files</Filter>
    </Image>
    <Image Include="data\map\mapdata\1101.bmp">
      <Filter>Resource Files</Filter>
    </Image>
    <Image Include="data\map\mapdata\bitmap2.bmp">
      <Filter>Resource Files</Filter>
    </Image>
    <Image Include="data\e\E_00.bmp">
      <Filter>Resource Files</Filter>
    </Image>
    <Image Include="data\e\E_L0.bmp">
      <Filter>Resource Files</Filter>
    </Image>
    <Image Include="data\e\E_L1.bmp">
      <Filter>Resource Files</Filter>
    </Image>
    <Image Include="data\e\E_R0.bmp">
      <Filter>Resource Files</Filter>
    </Image>
    <Image Include="data\e\E_R1.bmp">
      <Filter>Resource Files</Filter>
    </Image>
    <Image Include="data\e\bat.bmp">
      <Filter>Resource Files</Filter>
    </Image>
    <Image Include="data\e\BAT_0.bmp">
      <Filter>Resource Files</Filter>
    </Image>
    <Image Include="data\e\SLIME_0.bmp">
      <Filter>Resource Files</Filter>
    </Image>
    <Image Include="data\e\SLIME_1.bmp">
      <Filter>Resource Files</Filter>
    </Image>
    <Image Include="data\e\SLIME_2.bmp">
      <Filter>Resource Files</Filter>
    </Image>
    <Image Include="data\e\BH_A0.bmp">
      <Filter>Resource Files</Filter>
    </Image>
    <Image Include="data\e\BH_A1.bmp">
      <Filter>Resource Files</Filter>
    </Image>
    <Image Include="data\e\BH_L0.bmp">
      <Filter>Resource Files</Filter>
    </Image>
    <Image Include="data\e\BH_L1.bmp">
      <Filter>Resource Files</Filter>
    </Image>
    <Image Include="data\e\BH_L2.bmp">
      <Filter>Resource Files</Filter>
    </Image>
    <Image Include="data\e\BH_R0.bmp">
      <Filter>Resource Files</Filter>
    </Image>
    <Image Include="data\e\BH_R1.bmp">
      <Filter>Resource Files</Filter>
    </Image>
    <Image Include="data\e\BH_R2.bmp">
      <Filter>Resource Files</Filter>
    </Image>
    <Image Include="data\e\BH_W0.bmp">
      <Filter>Resource Files</Filter>
    </Image>
    <Image Include="data\e\BH_W1.bmp">
      <Filter>Resource Files</Filter>
    </Image>
    <Image Include="data\e\BH_W2.bmp">
      <Filter>Resource Files</Filter>
    </Image>
    <Image Include="data\e\BH_W3.bmp">
      <Filter>Resource Files</Filter>
    </Image>
    <Image Include="data\e\BH_W4.bmp">
      <Filter>Resource Files</Filter>
    </Image>
    <Image Include="data\e\BH_W5.bmp">
      <Filter>Resource Files</Filter>
    </Image>
    <Image Include="data\e\BH_W6.bmp">
      <Filter>Resource Files</Filter>
    </Image>
    <Image Include="data\e\BH_W7.bmp">
      <Filter>Resource Files</Filter>
    </Image>
    <Image Include="data\e\SLIME_W0.bmp">
      <Filter>Resource Files</Filter>
    </Image>
    <Image Include="data\e\SLIME_W1.bmp">
      <Filter>Resource Files</Filter>
    </Image>
    <Image Include="data\e\SLIME_W2.bmp">
      <Filter>Resource Files</Filter>
    </Image>
    <Image Include="data\e\SLIME_W3.bmp">
      <Filter>Resource Files</Filter>
    </Image>
    <Image Include="data\e\SNAKE_1.bmp">
      <Filter>Resource Files</Filter>
    </Image>
    <Image Include="data\e\SNAKE_2.bmp">
      <Filter>Resource Files</Filter>
    </Image>
    <Image Include="data\e\SNAKE_3.bmp">
      <Filter>Resource Files</Filter>
    </Image>
    <Image Include="data\e\SNAKE_4.bmp">
      <Filter>Resource Files</Filter>
    </Image>
    <Image Include="data\e\SNAKE_0.bmp">
      <Filter>Resource Files</Filter>
    </Image>
    <Image Include="data\e\EYE_0.bmp">
      <Filter>Resource Files</Filter>
    </Image>
    <Image Include="data\e\EYE_1.bmp">
      <Filter>Resource Files</Filter>
    </Image>
    <Image Include="data\e\EYE_2.bmp">
      <Filter>Resource Files</Filter>
    </Image>
    <Image Include="data\e\EYE_3.bmp">
      <Filter>Resource Files</Filter>
    </Image>
    <Image Include="data\e\EYE_4.bmp">
      <Filter>Resource Files</Filter>
    </Image>
    <Image Include="data\e\EYE_5.bmp">
      <Filter>Resource Files</Filter>
    </Image>
    <Image Include="data\e\EYE_W1.bmp">
      <Filter>Resource Files</Filter>
    </Image>
    <Image Include="data\e\EYE_W2.bmp">
      <Filter>Resource Files</Filter>
    </Image>
    <Image Include="data\e\EYE_W3.bmp">
      <Filter>Resource Files</Filter>
    </Image>
    <Image Include="data\e\ORC_0 .bmp">
      <Filter>Resource Files</Filter>
    </Image>
    <Image Include="data\e\ORC_1.bmp">
      <Filter>Resource Files</Filter>
    </Image>
    <Image Include="data\e\ORC_2.bmp">
      <Filter>Resource Files</Filter>
    </Image>
    <Image Include="data\e\ORC_3.bmp">
      <Filter>Resource Files</Filter>
    </Image>
    <Image Include="data\e\ORC_4.bmp">
      <Filter>Resource Files</Filter>
    </Image>
    <Image Include="data\e\ORC_5.bmp">
      <Filter>Resource Files</Filter>
    </Image>
    <Image Include="data\e\bitmap2.bmp">
      <Filter>Resource Files</Filter>
    </Image>
    <Image Include="data\e\SKULL_0.bmp">
      <Filter>Resource Files</Filter>
    </Image>
    <Image Include="data\e\SKULL_1.bmp">
      <Filter>Resource Files</Filter>
    </Image>
    <Image Include="data\e\SKULL_2.bmp">
      <Filter>Resource Files</Filter>
    </Image>
    <Image Include="data\e\SKULL_3.bmp">
      <Filter>Resource Files</Filter>
    </Image>
    <Image Include="data\e\SKULL_4.bmp">
      <Filter>Resource Files</Filter>
    </Image>
    <Image Include="data\e\SKULL_5.bmp">
      <Filter>Resource Files</Filter>
    </Image>
    <Image Include="data\e\SKULL_6.bmp">
      <Filter>Resource Files</Filter>
    </Image>
    <Image Include="data\e\SKULL_7.bmp">
      <Filter>Resource Files</Filter>
    </Image>
    <Image Include="data\e\SKULL_W0.bmp">
      <Filter>Resource Files</Filter>
    </Image>
    <Image Include="data\e\SKULL_W1.bmp">
      <Filter>Resource Files</Filter>
    </Image>
    <Image Include="data\e\SKULL_W2.bmp">
      <Filter>Resource Files</Filter>
    </Image>
    <Image Include="data\e\SKULL_W3.bmp">
      <Filter>Resource Files</Filter>
    </Image>
    <Image Include="data\e\SKULL_W4.bmp">
      <Filter>Resource Files</Filter>
    </Image>
    <Image Include="data\e\SKULL_W5.bmp">
      <Filter>Resource Files</Filter>
    </Image>
    <Image Include="data\e\SKULL_W6.bmp">
      <Filter>Resource Files</Filter>
    </Image>
    <Image Include="data\e\SKULL_W7.bmp">
      <Filter>Resource Files</Filter>
    </Image>
    <Image Include="data\e\MBALL_0.bmp">
      <Filter>Resource Files</Filter>
    </Image>
    <Image Include="data\e\MBALL_1.bmp">
      <Filter>Resource Files</Filter>
    </Image>
    <Image Include="data\attack\attackBladeLeft1.bmp">
      <Filter>Resource Files</Filter>
    </Image>
    <Image Include="data\attack\attackBladeLeft2.bmp">
      <Filter>Resource Files</Filter>
    </Image>
    <Image Include="data\attack\attackBladeLeft3.bmp">
      <Filter>Resource Files</Filter>
    </Image>
    <Image Include="data\attack\attackBladeRight1.bmp">
      <Filter>Resource Files</Filter>
    </Image>
    <Image Include="data\attack\attackBladeRight2.bmp">
      <Filter>Resource Files</Filter>
    </Image>
    <Image Include="data\attack\attackBladeRight3.bmp">
      <Filter>Resource Files</Filter>
    </Image>
    <Image Include="data\attack\attackBurstLeft1.bmp">
      <Filter>Resource Files</Filter>
    </Image>
    <Image Include="data\attack\attackBurstLeft2.bmp">
      <Filter>Resource Files</Filter>
    </Image>
    <Image Include="data\attack\attackBurstLeft3.bmp">
      <Filter>Resource Files</Filter>
    </Image>
    <Image Include="data\attack\attackBurstRight1.bmp">
      <Filter>Resource Files</Filter>
    </Image>
    <Image Include="data\attack\attackBurstRight2.bmp">
      <Filter>Resource Files</Filter>
    </Image>
    <Image Include="data\attack\attackBurstRight3.bmp">
      <Filter>Resource Files</Filter>
    </Image>
    <Image Include="data\attack\attackFireLeft1.bmp">
      <Filter>Resource Files</Filter>
    </Image>
    <Image Include="data\attack\attackFireLeft2.bmp">
      <Filter>Resource Files</Filter>
    </Image>
    <Image Include="data\attack\attackFireLeft3.bmp">
      <Filter>Resource Files</Filter>
    </Image>
    <Image Include="data\attack\attackFireRight1.bmp">
      <Filter>Resource Files</Filter>
    </Image>
    <Image Include="data\attack\attackFireRight2.bmp">
      <Filter>Resource Files</Filter>
    </Image>
    <Image Include="data\attack\attackFireRight3.bmp">
      <Filter>Resource Files</Filter>
    </Image>
    <Image Include="data\attack\attackthunderH0.bmp">
      <Filter>Resource Files</Filter>
    </Image>
    <Image Include="data\attack\attackthunderH1.bmp">
      <Filter>Resource Files</Filter>
    </Image>
    <Image Include="data\attack\attackthunderH2.bmp">
      <Filter>Resource Files</Filter>
    </Image>
    <Image Include="data\attack\attackthunderH3.bmp">
      <Filter>Resource Files</Filter>
    </Image>
    <Image Include="data\attack\attackthunderH5.bmp">
      <Filter>Resource Files</Filter>
    </Image>
    <Image Include="data\attack\attackThunderHit1.bmp">
      <Filter>Resource Files</Filter>
    </Image>
    <Image Include="data\attack\attackThunderHit2.bmp">
      <Filter>Resource Files</Filter>
    </Image>
    <Image Include="data\attack\attackthunderV0.bmp">
      <Filter>Resource Files</Filter>
    </Image>
    <Image Include="data\attack\attackthunderV1.bmp">
      <Filter>Resource Files</Filter>
    </Image>
    <Image Include="data\attack\attackthunderV2.bmp">
      <Filter>Resource Files</Filter>
    </Image>
    <Image Include="data\attack\attackthunderV3.bmp">
      <Filter>Resource Files</Filter>
    </Image>
    <Image Include="data\attack\attackthunderV4.bmp">
      <Filter>Resource Files</Filter>
    </Image>
    <Image Include="data\attack\attackWaterLeft1.bmp">
      <Filter>Resource Files</Filter>
    </Image>
    <Image Include="data\attack\attackWaterLeft2.bmp">
      <Filter>Resource Files</Filter>
    </Image>
    <Image Include="data\attack\attackWaterLeft3.bmp">
      <Filter>Resource Files</Filter>
    </Image>
    <Image Include="data\attack\attackWaterRight1.bmp">
      <Filter>Resource Files</Filter>
    </Image>
    <Image Include="data\attack\attackWaterRight2.bmp">
      <Filter>Resource Files</Filter>
    </Image>
    <Image Include="data\attack\attackWaterRight3.bmp">
      <Filter>Resource Files</Filter>
    </Image>
    <Image Include="data\attack\bladeLeft.bmp">
      <Filter>Resource Files</Filter>
    </Image>
    <Image Include="data\attack\bladeRight.bmp">
      <Filter>Resource Files</Filter>
    </Image>
    <Image Include="data\attack\burstLeft.bmp">
      <Filter>Resource Files</Filter>
    </Image>
    <Image Include="data\attack\burstRight.bmp">
      <Filter>Resource Files</Filter>
    </Image>
    <Image Include="data\attack\fireLeft.bmp">
      <Filter>Resource Files</Filter>
    </Image>
    <Image Include="data\attack\fireRight.bmp">
      <Filter>Resource Files</Filter>
    </Image>
    <Image Include="data\attack\waterLeft.bmp">
      <Filter>Resource Files</Filter>
    </Image>
    <Image Include="data\attack\waterRight.bmp">
      <Filter>Resource Files</Filter>
    </Image>
    <Image Include="data\attack\wave.bmp">
      <Filter>Resource Files</Filter>
    </Image>
    <Image Include="data\gxt_00.bmp">
      <Filter>Resource Files</Filter>
    </Image>
    <Image Include="data\gxt_01.bmp">
      <Filter>Resource Files</Filter>
    </Image>
    <Image Include="data\start-game.bmp">
      <Filter>Resource Files</Filter>
    </Image>
    <Image Include="data\gs_03.bmp">
      <Filter>Resource Files</Filter>
    </Image>
    <Image Include="data\gxt_02.bmp">
      <Filter>Resource Files</Filter>
    </Image>
    <Image Include="data\exp.bmp">
      <Filter>Resource Files</Filter>
    </Image>
    <Image Include="data\gold.bmp">
      <Filter>Resource Files</Filter>
    </Image>
    <Image Include="data\life.bmp">
      <Filter>Resource Files</Filter>
    </Image>
    <Image Include="data\lv.bmp">
      <Filter>Resource Files</Filter>
    </Image>
    <Image Include="data\name.bmp">
      <Filter>Resource Files</Filter>
    </Image>
    <Image Include="data\continueGame.bmp">
      <Filter>Resource Files</Filter>
    </Image>
    <Image Include="data\end-game.bmp">
      <Filter>Resource Files</Filter>
    </Image>
    <Image Include="data\ledder-board.bmp">
      <Filter>Resource Files</Filter>
    </Image>
    <Image Include="data\setting.bmp">
      <Filter>Resource Files</Filter>
    </Image>
    <Image Include="data\gx_10.bmp">
      <Filter>Resource Files</Filter>
    </Image>
    <Image Include="data\event-frame.bmp">
      <Filter>Resource Files</Filter>
    </Image>
    <Image Include="data\gx_06.bmp">
      <Filter>Resource Files</Filter>
    </Image>
    <Image Include="data\gx_11.bmp">
      <Filter>Resource Files</Filter>
    </Image>
    <Image Include="data\exp-bar.bmp">
      <Filter>Resource Files</Filter>
    </Image>
    <Image Include="data\hp-bar.bmp">
      <Filter>Resource Files</Filter>
    </Image>
    <Image Include="data\gx_b_00.bmp">
      <Filter>Resource Files</Filter>
    </Image>
    <Image Include="data\blocker.bmp">
      <Filter>Resource Files</Filter>
    </Image>
    <Image Include="data\item\gi_00.bmp">
      <Filter>Resource Files</Filter>
    </Image>
    <Image Include="data\item\small_blood_0.bmp">
      <Filter>Resource Files</Filter>
    </Image>
    <Image Include="data\item\small_blood_1.bmp">
      <Filter>Resource Files</Filter>
    </Image>
    <Image Include="data\item\small_blood_2.bmp">
      <Filter>Resource Files</Filter>
    </Image>
    <Image Include="data\gx_b_04.bmp">
      <Filter>Resource Files</Filter>
    </Image>
  </ItemGroup>
</Project>